// !$*UTF8*$!
{
	archiveVersion = 1;
	classes = {
	};
	objectVersion = 50;
	objects = {

/* Begin PBXBuildFile section */
		4C708BF522EA18550021B4B9 /* SearchItemRowView.swift in Sources */ = {isa = PBXBuildFile; fileRef = 4C708BF422EA18550021B4B9 /* SearchItemRowView.swift */; };
		4C708BF822EA1D530021B4B9 /* SearchItemRowView.xib in Resources */ = {isa = PBXBuildFile; fileRef = 4C708BF622EA1D530021B4B9 /* SearchItemRowView.xib */; };
		4C708BFA22EA275E0021B4B9 /* SearchViewController.swift in Sources */ = {isa = PBXBuildFile; fileRef = 4C708BF922EA275E0021B4B9 /* SearchViewController.swift */; };
		4C708BFD22EA30680021B4B9 /* Message.swift in Sources */ = {isa = PBXBuildFile; fileRef = 5DC42BA622E90429009C11E9 /* Message.swift */; };
		4C708BFE22EA306A0021B4B9 /* User.swift in Sources */ = {isa = PBXBuildFile; fileRef = 5DC42BA422E90351009C11E9 /* User.swift */; };
		4C708C0022EA33150021B4B9 /* ItemRowView.swift in Sources */ = {isa = PBXBuildFile; fileRef = 4C708BFF22EA33150021B4B9 /* ItemRowView.swift */; };
		4C708C0322EA35650021B4B9 /* UITableView+ItemRowView.swift in Sources */ = {isa = PBXBuildFile; fileRef = 4C708C0222EA35650021B4B9 /* UITableView+ItemRowView.swift */; };
		4C708C0E22EA42360021B4B9 /* ImageLoader.swift in Sources */ = {isa = PBXBuildFile; fileRef = 4C708C0D22EA42360021B4B9 /* ImageLoader.swift */; };
		4CA45C0E22E8FC7B00AB101C /* ChatItemRowView.xib in Resources */ = {isa = PBXBuildFile; fileRef = 4CA45C0C22E8FC7B00AB101C /* ChatItemRowView.xib */; };
		4CA45C1222E9075600AB101C /* ChatRoomsViewController.swift in Sources */ = {isa = PBXBuildFile; fileRef = 4CA45C1122E9075600AB101C /* ChatRoomsViewController.swift */; };
		4CA45C1D22E91CBA00AB101C /* XIBView.swift in Sources */ = {isa = PBXBuildFile; fileRef = 4CA45C1B22E91CBA00AB101C /* XIBView.swift */; };
		4CA45C1E22E91CBA00AB101C /* ChatItemRowView.swift in Sources */ = {isa = PBXBuildFile; fileRef = 4CA45C1C22E91CBA00AB101C /* ChatItemRowView.swift */; };
		4CC7EA8B22EB8453002530CF /* CreatePickUpViewController.swift in Sources */ = {isa = PBXBuildFile; fileRef = 4CC7EA8A22EB8453002530CF /* CreatePickUpViewController.swift */; };
		4CF8280C22E8BE0C00D75784 /* AppDelegate.swift in Sources */ = {isa = PBXBuildFile; fileRef = 4CF8280B22E8BE0C00D75784 /* AppDelegate.swift */; };
		4CF8281322E8BE0D00D75784 /* Assets.xcassets in Resources */ = {isa = PBXBuildFile; fileRef = 4CF8281222E8BE0D00D75784 /* Assets.xcassets */; };
		4CF8281622E8BE0D00D75784 /* LaunchScreen.storyboard in Resources */ = {isa = PBXBuildFile; fileRef = 4CF8281422E8BE0D00D75784 /* LaunchScreen.storyboard */; };
		4CF8282122E8DA3D00D75784 /* Main.storyboard in Resources */ = {isa = PBXBuildFile; fileRef = 4CF8281F22E8DA3D00D75784 /* Main.storyboard */; };
		5D423D1122EA653C00E0F122 /* MessageViewController.swift in Sources */ = {isa = PBXBuildFile; fileRef = 5D423D0B22EA3DF900E0F122 /* MessageViewController.swift */; };
		5D423D2D22EB816B00E0F122 /* SFSportsNight.ttf in Resources */ = {isa = PBXBuildFile; fileRef = 5D423D2C22EB816700E0F122 /* SFSportsNight.ttf */; };
		5D423D2F22EB8D0B00E0F122 /* SFSportsNightUpright.ttf in Resources */ = {isa = PBXBuildFile; fileRef = 5D423D2E22EB8D0B00E0F122 /* SFSportsNightUpright.ttf */; };
		FACED03022EAC0F500DB5FCC /* ChatRoom.swift in Sources */ = {isa = PBXBuildFile; fileRef = FACED02F22EAC0F500DB5FCC /* ChatRoom.swift */; };
		FACED03422EAC87C00DB5FCC /* InputBarAccessoryView.framework in Frameworks */ = {isa = PBXBuildFile; fileRef = 5D423D1322EA68F000E0F122 /* InputBarAccessoryView.framework */; };
		FACED03522EAC87C00DB5FCC /* MessageKit.framework in Frameworks */ = {isa = PBXBuildFile; fileRef = 5D423D1222EA68F000E0F122 /* MessageKit.framework */; };
		FACED03622EAC87C00DB5FCC /* SendBirdSDK.framework in Frameworks */ = {isa = PBXBuildFile; fileRef = FACED03122EAC85100DB5FCC /* SendBirdSDK.framework */; };
		FACED03822EAC89800DB5FCC /* Obfuscator.swift in Sources */ = {isa = PBXBuildFile; fileRef = FACED03722EAC89800DB5FCC /* Obfuscator.swift */; };
		FACED03A22EAC99100DB5FCC /* Constants.swift in Sources */ = {isa = PBXBuildFile; fileRef = FACED03922EAC99100DB5FCC /* Constants.swift */; };
		FACED03E22EACEBC00DB5FCC /* SendBirdManager.swift in Sources */ = {isa = PBXBuildFile; fileRef = FACED03D22EACEBC00DB5FCC /* SendBirdManager.swift */; };
		FACED04022EAD94600DB5FCC /* MainViewController.swift in Sources */ = {isa = PBXBuildFile; fileRef = FACED03F22EAD94600DB5FCC /* MainViewController.swift */; };
		FACED04222EADA3000DB5FCC /* OnboardingViewController.swift in Sources */ = {isa = PBXBuildFile; fileRef = FACED04122EADA3000DB5FCC /* OnboardingViewController.swift */; };
/* End PBXBuildFile section */

/* Begin PBXFileReference section */
		144B2BA4562E73A5C4D0D44F /* libPods-PlayWithMe.a */ = {isa = PBXFileReference; explicitFileType = archive.ar; includeInIndex = 0; path = "libPods-PlayWithMe.a"; sourceTree = BUILT_PRODUCTS_DIR; };
		4C708BF422EA18550021B4B9 /* SearchItemRowView.swift */ = {isa = PBXFileReference; lastKnownFileType = sourcecode.swift; path = SearchItemRowView.swift; sourceTree = "<group>"; };
		4C708BF722EA1D530021B4B9 /* Base */ = {isa = PBXFileReference; lastKnownFileType = file.xib; name = Base; path = Base.lproj/SearchItemRowView.xib; sourceTree = "<group>"; };
		4C708BF922EA275E0021B4B9 /* SearchViewController.swift */ = {isa = PBXFileReference; lastKnownFileType = sourcecode.swift; path = SearchViewController.swift; sourceTree = "<group>"; };
		4C708BFF22EA33150021B4B9 /* ItemRowView.swift */ = {isa = PBXFileReference; lastKnownFileType = sourcecode.swift; path = ItemRowView.swift; sourceTree = "<group>"; };
		4C708C0222EA35650021B4B9 /* UITableView+ItemRowView.swift */ = {isa = PBXFileReference; lastKnownFileType = sourcecode.swift; path = "UITableView+ItemRowView.swift"; sourceTree = "<group>"; };
		4C708C0D22EA42360021B4B9 /* ImageLoader.swift */ = {isa = PBXFileReference; lastKnownFileType = sourcecode.swift; path = ImageLoader.swift; sourceTree = "<group>"; };
		4CA45C0D22E8FC7B00AB101C /* Base */ = {isa = PBXFileReference; lastKnownFileType = file.xib; name = Base; path = Base.lproj/ChatItemRowView.xib; sourceTree = "<group>"; };
		4CA45C1122E9075600AB101C /* ChatRoomsViewController.swift */ = {isa = PBXFileReference; lastKnownFileType = sourcecode.swift; path = ChatRoomsViewController.swift; sourceTree = "<group>"; };
		4CA45C1B22E91CBA00AB101C /* XIBView.swift */ = {isa = PBXFileReference; fileEncoding = 4; lastKnownFileType = sourcecode.swift; path = XIBView.swift; sourceTree = "<group>"; };
		4CA45C1C22E91CBA00AB101C /* ChatItemRowView.swift */ = {isa = PBXFileReference; fileEncoding = 4; lastKnownFileType = sourcecode.swift; path = ChatItemRowView.swift; sourceTree = "<group>"; };
		4CC7EA8A22EB8453002530CF /* CreatePickUpViewController.swift */ = {isa = PBXFileReference; lastKnownFileType = sourcecode.swift; path = CreatePickUpViewController.swift; sourceTree = "<group>"; };
		4CF8280822E8BE0C00D75784 /* PlayWithMe.app */ = {isa = PBXFileReference; explicitFileType = wrapper.application; includeInIndex = 0; path = PlayWithMe.app; sourceTree = BUILT_PRODUCTS_DIR; };
		4CF8280B22E8BE0C00D75784 /* AppDelegate.swift */ = {isa = PBXFileReference; lastKnownFileType = sourcecode.swift; path = AppDelegate.swift; sourceTree = "<group>"; };
		4CF8281222E8BE0D00D75784 /* Assets.xcassets */ = {isa = PBXFileReference; lastKnownFileType = folder.assetcatalog; path = Assets.xcassets; sourceTree = "<group>"; };
		4CF8281522E8BE0D00D75784 /* Base */ = {isa = PBXFileReference; lastKnownFileType = file.storyboard; name = Base; path = Base.lproj/LaunchScreen.storyboard; sourceTree = "<group>"; };
		4CF8281722E8BE0D00D75784 /* Info.plist */ = {isa = PBXFileReference; lastKnownFileType = text.plist.xml; path = Info.plist; sourceTree = "<group>"; };
		4CF8282022E8DA3D00D75784 /* Base */ = {isa = PBXFileReference; lastKnownFileType = file.storyboard; name = Base; path = Base.lproj/Main.storyboard; sourceTree = "<group>"; };
		5D423D0B22EA3DF900E0F122 /* MessageViewController.swift */ = {isa = PBXFileReference; lastKnownFileType = sourcecode.swift; path = MessageViewController.swift; sourceTree = "<group>"; };
		5D423D1222EA68F000E0F122 /* MessageKit.framework */ = {isa = PBXFileReference; lastKnownFileType = wrapper.framework; name = MessageKit.framework; path = Carthage/Build/iOS/MessageKit.framework; sourceTree = "<group>"; };
		5D423D1322EA68F000E0F122 /* InputBarAccessoryView.framework */ = {isa = PBXFileReference; lastKnownFileType = wrapper.framework; name = InputBarAccessoryView.framework; path = Carthage/Build/iOS/InputBarAccessoryView.framework; sourceTree = "<group>"; };
		5D423D2C22EB816700E0F122 /* SFSportsNight.ttf */ = {isa = PBXFileReference; lastKnownFileType = file; path = SFSportsNight.ttf; sourceTree = "<group>"; };
		5D423D2E22EB8D0B00E0F122 /* SFSportsNightUpright.ttf */ = {isa = PBXFileReference; lastKnownFileType = file; path = SFSportsNightUpright.ttf; sourceTree = "<group>"; };
		5DC42BA422E90351009C11E9 /* User.swift */ = {isa = PBXFileReference; lastKnownFileType = sourcecode.swift; name = User.swift; path = Classes/Models/User.swift; sourceTree = SOURCE_ROOT; };
		5DC42BA622E90429009C11E9 /* Message.swift */ = {isa = PBXFileReference; lastKnownFileType = sourcecode.swift; name = Message.swift; path = Classes/Models/Message.swift; sourceTree = SOURCE_ROOT; };
		FACED02F22EAC0F500DB5FCC /* ChatRoom.swift */ = {isa = PBXFileReference; lastKnownFileType = sourcecode.swift; path = ChatRoom.swift; sourceTree = "<group>"; };
		FACED03122EAC85100DB5FCC /* SendBirdSDK.framework */ = {isa = PBXFileReference; lastKnownFileType = wrapper.framework; name = SendBirdSDK.framework; path = Carthage/Build/iOS/SendBirdSDK.framework; sourceTree = "<group>"; };
		FACED03722EAC89800DB5FCC /* Obfuscator.swift */ = {isa = PBXFileReference; lastKnownFileType = sourcecode.swift; path = Obfuscator.swift; sourceTree = "<group>"; };
		FACED03922EAC99100DB5FCC /* Constants.swift */ = {isa = PBXFileReference; lastKnownFileType = sourcecode.swift; path = Constants.swift; sourceTree = "<group>"; };
		FACED03D22EACEBC00DB5FCC /* SendBirdManager.swift */ = {isa = PBXFileReference; lastKnownFileType = sourcecode.swift; path = SendBirdManager.swift; sourceTree = "<group>"; };
		FACED03F22EAD94600DB5FCC /* MainViewController.swift */ = {isa = PBXFileReference; lastKnownFileType = sourcecode.swift; path = MainViewController.swift; sourceTree = "<group>"; };
		FACED04122EADA3000DB5FCC /* OnboardingViewController.swift */ = {isa = PBXFileReference; lastKnownFileType = sourcecode.swift; path = OnboardingViewController.swift; sourceTree = "<group>"; };
/* End PBXFileReference section */

/* Begin PBXFrameworksBuildPhase section */
		4CF8280522E8BE0C00D75784 /* Frameworks */ = {
			isa = PBXFrameworksBuildPhase;
			buildActionMask = 2147483647;
			files = (
				FACED03422EAC87C00DB5FCC /* InputBarAccessoryView.framework in Frameworks */,
				FACED03522EAC87C00DB5FCC /* MessageKit.framework in Frameworks */,
				FACED03622EAC87C00DB5FCC /* SendBirdSDK.framework in Frameworks */,
			);
			runOnlyForDeploymentPostprocessing = 0;
		};
/* End PBXFrameworksBuildPhase section */

/* Begin PBXGroup section */
		4C708C0122EA35500021B4B9 /* Utils */ = {
			isa = PBXGroup;
			children = (
				FACED03922EAC99100DB5FCC /* Constants.swift */,
				4C708C0D22EA42360021B4B9 /* ImageLoader.swift */,
				FACED03722EAC89800DB5FCC /* Obfuscator.swift */,
			);
			path = Utils;
			sourceTree = "<group>";
		};
		4CA45C1A22E91CBA00AB101C /* Views */ = {
			isa = PBXGroup;
			children = (
				4CA45C1C22E91CBA00AB101C /* ChatItemRowView.swift */,
				4C708BFF22EA33150021B4B9 /* ItemRowView.swift */,
				4C708BF422EA18550021B4B9 /* SearchItemRowView.swift */,
				4CA45C1B22E91CBA00AB101C /* XIBView.swift */,
			);
			path = Views;
			sourceTree = "<group>";
		};
		4CF827FF22E8BE0C00D75784 = {
			isa = PBXGroup;
			children = (
				4CF8280A22E8BE0C00D75784 /* Classes */,
				4CF8281722E8BE0D00D75784 /* Info.plist */,
				4CF8280922E8BE0C00D75784 /* Products */,
				5820EC2CC617D42C4FD8B7A5 /* Frameworks */,
			);
			sourceTree = "<group>";
		};
		4CF8280922E8BE0C00D75784 /* Products */ = {
			isa = PBXGroup;
			children = (
				4CF8280822E8BE0C00D75784 /* PlayWithMe.app */,
			);
			name = Products;
			sourceTree = "<group>";
		};
		4CF8280A22E8BE0C00D75784 /* Classes */ = {
			isa = PBXGroup;
			children = (
				5D423D2B22EB813700E0F122 /* Fonts */,
				FACED03C22EACB5D00DB5FCC /* Extensions */,
				FACED03B22EACB4A00DB5FCC /* Managers */,
				5DC42BA822E90A07009C11E9 /* Models */,
				4CF8282222E8DA4700D75784 /* Resources */,
				4C708C0122EA35500021B4B9 /* Utils */,
				4CF8282322E8DA5600D75784 /* ViewControllers */,
				4CA45C1A22E91CBA00AB101C /* Views */,
				4CF8280B22E8BE0C00D75784 /* AppDelegate.swift */,
			);
			path = Classes;
			sourceTree = "<group>";
		};
		4CF8282222E8DA4700D75784 /* Resources */ = {
			isa = PBXGroup;
			children = (
				4CF8281222E8BE0D00D75784 /* Assets.xcassets */,
				4CF8281422E8BE0D00D75784 /* LaunchScreen.storyboard */,
				4CF8281F22E8DA3D00D75784 /* Main.storyboard */,
				4CA45C0C22E8FC7B00AB101C /* ChatItemRowView.xib */,
				4C708BF622EA1D530021B4B9 /* SearchItemRowView.xib */,
			);
			path = Resources;
			sourceTree = "<group>";
		};
		4CF8282322E8DA5600D75784 /* ViewControllers */ = {
			isa = PBXGroup;
			children = (
				4CA45C1122E9075600AB101C /* ChatRoomsViewController.swift */,
				4CC7EA8A22EB8453002530CF /* CreatePickUpViewController.swift */,
				FACED03F22EAD94600DB5FCC /* MainViewController.swift */,
				5D423D0B22EA3DF900E0F122 /* MessageViewController.swift */,
				FACED04122EADA3000DB5FCC /* OnboardingViewController.swift */,
				4C708BF922EA275E0021B4B9 /* SearchViewController.swift */,
			);
			path = ViewControllers;
			sourceTree = "<group>";
		};
		5820EC2CC617D42C4FD8B7A5 /* Frameworks */ = {
			isa = PBXGroup;
			children = (
				FACED03122EAC85100DB5FCC /* SendBirdSDK.framework */,
				5D423D1322EA68F000E0F122 /* InputBarAccessoryView.framework */,
				5D423D1222EA68F000E0F122 /* MessageKit.framework */,
				144B2BA4562E73A5C4D0D44F /* libPods-PlayWithMe.a */,
			);
			name = Frameworks;
			sourceTree = "<group>";
		};
		5D423D2B22EB813700E0F122 /* Fonts */ = {
			isa = PBXGroup;
			children = (
				5D423D2E22EB8D0B00E0F122 /* SFSportsNightUpright.ttf */,
				5D423D2C22EB816700E0F122 /* SFSportsNight.ttf */,
			);
			path = Fonts;
			sourceTree = "<group>";
		};
		5DC42BA822E90A07009C11E9 /* Models */ = {
			isa = PBXGroup;
			children = (
				FACED02F22EAC0F500DB5FCC /* ChatRoom.swift */,
				5DC42BA622E90429009C11E9 /* Message.swift */,
				5DC42BA422E90351009C11E9 /* User.swift */,
			);
			path = Models;
			sourceTree = "<group>";
		};
		FACED03B22EACB4A00DB5FCC /* Managers */ = {
			isa = PBXGroup;
			children = (
				FACED03D22EACEBC00DB5FCC /* SendBirdManager.swift */,
			);
			path = Managers;
			sourceTree = "<group>";
		};
		FACED03C22EACB5D00DB5FCC /* Extensions */ = {
			isa = PBXGroup;
			children = (
				4C708C0222EA35650021B4B9 /* UITableView+ItemRowView.swift */,
			);
			path = Extensions;
			sourceTree = "<group>";
		};
/* End PBXGroup section */

/* Begin PBXNativeTarget section */
		4CF8280722E8BE0C00D75784 /* PlayWithMe */ = {
			isa = PBXNativeTarget;
			buildConfigurationList = 4CF8281A22E8BE0D00D75784 /* Build configuration list for PBXNativeTarget "PlayWithMe" */;
			buildPhases = (
				4CF8280422E8BE0C00D75784 /* Sources */,
				4CF8280522E8BE0C00D75784 /* Frameworks */,
				4CF8280622E8BE0C00D75784 /* Resources */,
				5D423D1622EA6AE700E0F122 /* Carthage */,
			);
			buildRules = (
			);
			dependencies = (
			);
			name = PlayWithMe;
			productName = PlayWithMe;
			productReference = 4CF8280822E8BE0C00D75784 /* PlayWithMe.app */;
			productType = "com.apple.product-type.application";
		};
/* End PBXNativeTarget section */

/* Begin PBXProject section */
		4CF8280022E8BE0C00D75784 /* Project object */ = {
			isa = PBXProject;
			attributes = {
				LastSwiftUpdateCheck = 1020;
				LastUpgradeCheck = 1020;
				ORGANIZATIONNAME = "Yelp Inc.";
				TargetAttributes = {
					4CF8280722E8BE0C00D75784 = {
						CreatedOnToolsVersion = 10.2.1;
					};
				};
			};
			buildConfigurationList = 4CF8280322E8BE0C00D75784 /* Build configuration list for PBXProject "PlayWithMe" */;
			compatibilityVersion = "Xcode 9.3";
			developmentRegion = en;
			hasScannedForEncodings = 0;
			knownRegions = (
				en,
				Base,
			);
			mainGroup = 4CF827FF22E8BE0C00D75784;
			productRefGroup = 4CF8280922E8BE0C00D75784 /* Products */;
			projectDirPath = "";
			projectRoot = "";
			targets = (
				4CF8280722E8BE0C00D75784 /* PlayWithMe */,
			);
		};
/* End PBXProject section */

/* Begin PBXResourcesBuildPhase section */
		4CF8280622E8BE0C00D75784 /* Resources */ = {
			isa = PBXResourcesBuildPhase;
			buildActionMask = 2147483647;
			files = (
				5D423D2F22EB8D0B00E0F122 /* SFSportsNightUpright.ttf in Resources */,
				4CF8281322E8BE0D00D75784 /* Assets.xcassets in Resources */,
				4CF8282122E8DA3D00D75784 /* Main.storyboard in Resources */,
				4CF8281622E8BE0D00D75784 /* LaunchScreen.storyboard in Resources */,
				5D423D2D22EB816B00E0F122 /* SFSportsNight.ttf in Resources */,
				4CA45C0E22E8FC7B00AB101C /* ChatItemRowView.xib in Resources */,
				4C708BF822EA1D530021B4B9 /* SearchItemRowView.xib in Resources */,
			);
			runOnlyForDeploymentPostprocessing = 0;
		};
/* End PBXResourcesBuildPhase section */

/* Begin PBXShellScriptBuildPhase section */
		5D423D1622EA6AE700E0F122 /* Carthage */ = {
			isa = PBXShellScriptBuildPhase;
			buildActionMask = 2147483647;
			files = (
			);
			inputFileListPaths = (
			);
			inputPaths = (
				"$(SRCROOT)/Carthage/Build/iOS/InputBarAccessoryView.framework",
				"$(SRCROOT)/Carthage/Build/iOS/MessageKit.framework",
				"$(SRCROOT)/Carthage/Build/iOS/SendBirdSDK.framework",
			);
			name = Carthage;
			outputFileListPaths = (
			);
			outputPaths = (
				"$(BUILT_PRODUCTS_DIR)/$(FRAMEWORKS_FOLDER_PATH)/InputBarAccessoryView.framework",
				"$(BUILT_PRODUCTS_DIR)/$(FRAMEWORKS_FOLDER_PATH)/MessageKit.framework",
				"$(BUILT_PRODUCTS_DIR)/$(FRAMEWORKS_FOLDER_PATH)/SendBirdSDK.framework",
			);
			runOnlyForDeploymentPostprocessing = 0;
			shellPath = /bin/sh;
			shellScript = "# Type a script or drag a script file from your workspace to insert its path.\n/usr/local/bin/carthage copy-frameworks\n";
			showEnvVarsInLog = 0;
		};
/* End PBXShellScriptBuildPhase section */

/* Begin PBXSourcesBuildPhase section */
		4CF8280422E8BE0C00D75784 /* Sources */ = {
			isa = PBXSourcesBuildPhase;
			buildActionMask = 2147483647;
			files = (
				4CF8280C22E8BE0C00D75784 /* AppDelegate.swift in Sources */,
				4CA45C1E22E91CBA00AB101C /* ChatItemRowView.swift in Sources */,
				4CA45C1222E9075600AB101C /* ChatRoomsViewController.swift in Sources */,
				FACED03022EAC0F500DB5FCC /* ChatRoom.swift in Sources */,
				FACED03E22EACEBC00DB5FCC /* SendBirdManager.swift in Sources */,
				FACED03A22EAC99100DB5FCC /* Constants.swift in Sources */,
				4C708C0E22EA42360021B4B9 /* ImageLoader.swift in Sources */,
				4C708C0022EA33150021B4B9 /* ItemRowView.swift in Sources */,
				FACED04022EAD94600DB5FCC /* MainViewController.swift in Sources */,
				4CC7EA8B22EB8453002530CF /* CreatePickUpViewController.swift in Sources */,
				4C708BFD22EA30680021B4B9 /* Message.swift in Sources */,
				5D423D1122EA653C00E0F122 /* MessageViewController.swift in Sources */,
				FACED03822EAC89800DB5FCC /* Obfuscator.swift in Sources */,
				FACED04222EADA3000DB5FCC /* OnboardingViewController.swift in Sources */,
				4C708BF522EA18550021B4B9 /* SearchItemRowView.swift in Sources */,
				4C708BFA22EA275E0021B4B9 /* SearchViewController.swift in Sources */,
				4C708C0322EA35650021B4B9 /* UITableView+ItemRowView.swift in Sources */,
				4C708BFE22EA306A0021B4B9 /* User.swift in Sources */,
				4CA45C1D22E91CBA00AB101C /* XIBView.swift in Sources */,
			);
			runOnlyForDeploymentPostprocessing = 0;
		};
/* End PBXSourcesBuildPhase section */

/* Begin PBXVariantGroup section */
		4C708BF622EA1D530021B4B9 /* SearchItemRowView.xib */ = {
			isa = PBXVariantGroup;
			children = (
				4C708BF722EA1D530021B4B9 /* Base */,
			);
			name = SearchItemRowView.xib;
			sourceTree = "<group>";
		};
		4CA45C0C22E8FC7B00AB101C /* ChatItemRowView.xib */ = {
			isa = PBXVariantGroup;
			children = (
				4CA45C0D22E8FC7B00AB101C /* Base */,
			);
			name = ChatItemRowView.xib;
			sourceTree = "<group>";
		};
		4CF8281422E8BE0D00D75784 /* LaunchScreen.storyboard */ = {
			isa = PBXVariantGroup;
			children = (
				4CF8281522E8BE0D00D75784 /* Base */,
			);
			name = LaunchScreen.storyboard;
			sourceTree = "<group>";
		};
		4CF8281F22E8DA3D00D75784 /* Main.storyboard */ = {
			isa = PBXVariantGroup;
			children = (
				4CF8282022E8DA3D00D75784 /* Base */,
			);
			name = Main.storyboard;
			sourceTree = "<group>";
		};
/* End PBXVariantGroup section */

/* Begin XCBuildConfiguration section */
		4CF8281822E8BE0D00D75784 /* Debug */ = {
			isa = XCBuildConfiguration;
			buildSettings = {
				ALWAYS_SEARCH_USER_PATHS = NO;
				CLANG_ANALYZER_NONNULL = YES;
				CLANG_ANALYZER_NUMBER_OBJECT_CONVERSION = YES_AGGRESSIVE;
				CLANG_CXX_LANGUAGE_STANDARD = "gnu++14";
				CLANG_CXX_LIBRARY = "libc++";
				CLANG_ENABLE_MODULES = YES;
				CLANG_ENABLE_OBJC_ARC = YES;
				CLANG_ENABLE_OBJC_WEAK = YES;
				CLANG_WARN_BLOCK_CAPTURE_AUTORELEASING = YES;
				CLANG_WARN_BOOL_CONVERSION = YES;
				CLANG_WARN_COMMA = YES;
				CLANG_WARN_CONSTANT_CONVERSION = YES;
				CLANG_WARN_DEPRECATED_OBJC_IMPLEMENTATIONS = YES;
				CLANG_WARN_DIRECT_OBJC_ISA_USAGE = YES_ERROR;
				CLANG_WARN_DOCUMENTATION_COMMENTS = YES;
				CLANG_WARN_EMPTY_BODY = YES;
				CLANG_WARN_ENUM_CONVERSION = YES;
				CLANG_WARN_INFINITE_RECURSION = YES;
				CLANG_WARN_INT_CONVERSION = YES;
				CLANG_WARN_NON_LITERAL_NULL_CONVERSION = YES;
				CLANG_WARN_OBJC_IMPLICIT_RETAIN_SELF = YES;
				CLANG_WARN_OBJC_LITERAL_CONVERSION = YES;
				CLANG_WARN_OBJC_ROOT_CLASS = YES_ERROR;
				CLANG_WARN_RANGE_LOOP_ANALYSIS = YES;
				CLANG_WARN_STRICT_PROTOTYPES = YES;
				CLANG_WARN_SUSPICIOUS_MOVE = YES;
				CLANG_WARN_UNGUARDED_AVAILABILITY = YES_AGGRESSIVE;
				CLANG_WARN_UNREACHABLE_CODE = YES;
				CLANG_WARN__DUPLICATE_METHOD_MATCH = YES;
				CODE_SIGN_IDENTITY = "iPhone Developer";
				COPY_PHASE_STRIP = NO;
				DEBUG_INFORMATION_FORMAT = dwarf;
				ENABLE_STRICT_OBJC_MSGSEND = YES;
				ENABLE_TESTABILITY = YES;
				GCC_C_LANGUAGE_STANDARD = gnu11;
				GCC_DYNAMIC_NO_PIC = NO;
				GCC_NO_COMMON_BLOCKS = YES;
				GCC_OPTIMIZATION_LEVEL = 0;
				GCC_PREPROCESSOR_DEFINITIONS = (
					"DEBUG=1",
					"$(inherited)",
				);
				GCC_WARN_64_TO_32_BIT_CONVERSION = YES;
				GCC_WARN_ABOUT_RETURN_TYPE = YES_ERROR;
				GCC_WARN_UNDECLARED_SELECTOR = YES;
				GCC_WARN_UNINITIALIZED_AUTOS = YES_AGGRESSIVE;
				GCC_WARN_UNUSED_FUNCTION = YES;
				GCC_WARN_UNUSED_VARIABLE = YES;
				IPHONEOS_DEPLOYMENT_TARGET = 12.2;
				MTL_ENABLE_DEBUG_INFO = INCLUDE_SOURCE;
				MTL_FAST_MATH = YES;
				ONLY_ACTIVE_ARCH = YES;
				SDKROOT = iphoneos;
				SWIFT_ACTIVE_COMPILATION_CONDITIONS = DEBUG;
				SWIFT_OPTIMIZATION_LEVEL = "-Onone";
				SWIFT_VERSION = 5.0;
			};
			name = Debug;
		};
		4CF8281922E8BE0D00D75784 /* Release */ = {
			isa = XCBuildConfiguration;
			buildSettings = {
				ALWAYS_SEARCH_USER_PATHS = NO;
				CLANG_ANALYZER_NONNULL = YES;
				CLANG_ANALYZER_NUMBER_OBJECT_CONVERSION = YES_AGGRESSIVE;
				CLANG_CXX_LANGUAGE_STANDARD = "gnu++14";
				CLANG_CXX_LIBRARY = "libc++";
				CLANG_ENABLE_MODULES = YES;
				CLANG_ENABLE_OBJC_ARC = YES;
				CLANG_ENABLE_OBJC_WEAK = YES;
				CLANG_WARN_BLOCK_CAPTURE_AUTORELEASING = YES;
				CLANG_WARN_BOOL_CONVERSION = YES;
				CLANG_WARN_COMMA = YES;
				CLANG_WARN_CONSTANT_CONVERSION = YES;
				CLANG_WARN_DEPRECATED_OBJC_IMPLEMENTATIONS = YES;
				CLANG_WARN_DIRECT_OBJC_ISA_USAGE = YES_ERROR;
				CLANG_WARN_DOCUMENTATION_COMMENTS = YES;
				CLANG_WARN_EMPTY_BODY = YES;
				CLANG_WARN_ENUM_CONVERSION = YES;
				CLANG_WARN_INFINITE_RECURSION = YES;
				CLANG_WARN_INT_CONVERSION = YES;
				CLANG_WARN_NON_LITERAL_NULL_CONVERSION = YES;
				CLANG_WARN_OBJC_IMPLICIT_RETAIN_SELF = YES;
				CLANG_WARN_OBJC_LITERAL_CONVERSION = YES;
				CLANG_WARN_OBJC_ROOT_CLASS = YES_ERROR;
				CLANG_WARN_RANGE_LOOP_ANALYSIS = YES;
				CLANG_WARN_STRICT_PROTOTYPES = YES;
				CLANG_WARN_SUSPICIOUS_MOVE = YES;
				CLANG_WARN_UNGUARDED_AVAILABILITY = YES_AGGRESSIVE;
				CLANG_WARN_UNREACHABLE_CODE = YES;
				CLANG_WARN__DUPLICATE_METHOD_MATCH = YES;
				CODE_SIGN_IDENTITY = "iPhone Developer";
				COPY_PHASE_STRIP = NO;
				DEBUG_INFORMATION_FORMAT = "dwarf-with-dsym";
				ENABLE_NS_ASSERTIONS = NO;
				ENABLE_STRICT_OBJC_MSGSEND = YES;
				GCC_C_LANGUAGE_STANDARD = gnu11;
				GCC_NO_COMMON_BLOCKS = YES;
				GCC_WARN_64_TO_32_BIT_CONVERSION = YES;
				GCC_WARN_ABOUT_RETURN_TYPE = YES_ERROR;
				GCC_WARN_UNDECLARED_SELECTOR = YES;
				GCC_WARN_UNINITIALIZED_AUTOS = YES_AGGRESSIVE;
				GCC_WARN_UNUSED_FUNCTION = YES;
				GCC_WARN_UNUSED_VARIABLE = YES;
				IPHONEOS_DEPLOYMENT_TARGET = 12.2;
				MTL_ENABLE_DEBUG_INFO = NO;
				MTL_FAST_MATH = YES;
				SDKROOT = iphoneos;
				SWIFT_COMPILATION_MODE = wholemodule;
				SWIFT_OPTIMIZATION_LEVEL = "-O";
				SWIFT_VERSION = 5.0;
				VALIDATE_PRODUCT = YES;
			};
			name = Release;
		};
		4CF8281B22E8BE0D00D75784 /* Debug */ = {
			isa = XCBuildConfiguration;
			buildSettings = {
				ASSETCATALOG_COMPILER_APPICON_NAME = AppIcon;
				CODE_SIGN_STYLE = Automatic;
				DEVELOPMENT_TEAM = "";
				FRAMEWORK_SEARCH_PATHS = (
					"$(inherited)",
					"$(PROJECT_DIR)/Carthage/Build/iOS",
				);
				INFOPLIST_FILE = "$(SRCROOT)/Info.plist";
				LD_RUNPATH_SEARCH_PATHS = (
					"$(inherited)",
					"@executable_path/Frameworks",
				);
				PRODUCT_BUNDLE_IDENTIFIER = com.yelp.PlayWithMe;
				PRODUCT_NAME = "$(TARGET_NAME)";
				TARGETED_DEVICE_FAMILY = "1,2";
			};
			name = Debug;
		};
		4CF8281C22E8BE0D00D75784 /* Release */ = {
			isa = XCBuildConfiguration;
			buildSettings = {
				ASSETCATALOG_COMPILER_APPICON_NAME = AppIcon;
				CODE_SIGN_STYLE = Automatic;
				DEVELOPMENT_TEAM = "";
				FRAMEWORK_SEARCH_PATHS = (
					"$(inherited)",
					"$(PROJECT_DIR)/Carthage/Build/iOS",
				);
				INFOPLIST_FILE = "$(SRCROOT)/Info.plist";
				LD_RUNPATH_SEARCH_PATHS = (
					"$(inherited)",
					"@executable_path/Frameworks",
				);
				PRODUCT_BUNDLE_IDENTIFIER = com.yelp.PlayWithMe;
				PRODUCT_NAME = "$(TARGET_NAME)";
				TARGETED_DEVICE_FAMILY = "1,2";
			};
			name = Release;
		};
/* End XCBuildConfiguration section */

/* Begin XCConfigurationList section */
		4CF8280322E8BE0C00D75784 /* Build configuration list for PBXProject "PlayWithMe" */ = {
			isa = XCConfigurationList;
			buildConfigurations = (
				4CF8281822E8BE0D00D75784 /* Debug */,
				4CF8281922E8BE0D00D75784 /* Release */,
			);
			defaultConfigurationIsVisible = 0;
			defaultConfigurationName = Release;
		};
		4CF8281A22E8BE0D00D75784 /* Build configuration list for PBXNativeTarget "PlayWithMe" */ = {
			isa = XCConfigurationList;
			buildConfigurations = (
				4CF8281B22E8BE0D00D75784 /* Debug */,
				4CF8281C22E8BE0D00D75784 /* Release */,
			);
			defaultConfigurationIsVisible = 0;
			defaultConfigurationName = Release;
		};
/* End XCConfigurationList section */
	};
	rootObject = 4CF8280022E8BE0C00D75784 /* Project object */;
}
